
Microsoft Visual Studio Solution File, Format Version 12.00
# Visual Studio 2013
VisualStudioVersion = 12.0.30501.0
MinimumVisualStudioVersion = 10.0.40219.1
Project("{FAE04EC0-301F-11D3-BF4B-00C04F79EFBC}") = "Publisher", "Publisher\Publisher.csproj", "{84920DE8-F096-438B-8F8D-2369D30A7A57}"
EndProject
Project("{FAE04EC0-301F-11D3-BF4B-00C04F79EFBC}") = "SubscriberForBilling", "SubscriberForBilling\SubscriberForBilling.csproj", "{6BEA0A54-5F5C-4D84-AF84-BA7F4280E186}"
EndProject
Project("{FAE04EC0-301F-11D3-BF4B-00C04F79EFBC}") = "SubscriberForLogging", "SubscriberForLogging\SubscriberForLogging.csproj", "{C3A02751-2A02-42E6-A775-1705818EA735}"
EndProject
Global
	GlobalSection(SolutionConfigurationPlatforms) = preSolution
		Debug|Any CPU = Debug|Any CPU
		Release|Any CPU = Release|Any CPU
	EndGlobalSection
	GlobalSection(ProjectConfigurationPlatforms) = postSolution
		{84920DE8-F096-438B-8F8D-2369D30A7A57}.Debug|Any CPU.ActiveCfg = Debug|Any CPU
		{84920DE8-F096-438B-8F8D-2369D30A7A57}.Debug|Any CPU.Build.0 = Debug|Any CPU
		{84920DE8-F096-438B-8F8D-2369D30A7A57}.Release|Any CPU.ActiveCfg = Release|Any CPU
		{84920DE8-F096-438B-8F8D-2369D30A7A57}.Release|Any CPU.Build.0 = Release|Any CPU
		{6BEA0A54-5F5C-4D84-AF84-BA7F4280E186}.Debug|Any CPU.ActiveCfg = Debug|Any CPU
		{6BEA0A54-5F5C-4D84-AF84-BA7F4280E186}.Debug|Any CPU.Build.0 = Debug|Any CPU
		{6BEA0A54-5F5C-4D84-AF84-BA7F4280E186}.Release|Any CPU.ActiveCfg = Release|Any CPU
		{6BEA0A54-5F5C-4D84-AF84-BA7F4280E186}.Release|Any CPU.Build.0 = Release|Any CPU
		{C3A02751-2A02-42E6-A775-1705818EA735}.Debug|Any CPU.ActiveCfg = Debug|Any CPU
		{C3A02751-2A02-42E6-A775-1705818EA735}.Debug|Any CPU.Build.0 = Debug|Any CPU
		{C3A02751-2A02-42E6-A775-1705818EA735}.Release|Any CPU.ActiveCfg = Release|Any CPU
		{C3A02751-2A02-42E6-A775-1705818EA735}.Release|Any CPU.Build.0 = Release|Any CPU
	EndGlobalSection
	GlobalSection(SolutionProperties) = preSolution
		HideSolutionNode = FALSE
	EndGlobalSection
EndGlobal
